
Microsoft Visual Studio Solution File, Format Version 12.00
# Visual Studio Version 17
VisualStudioVersion = 17.0.31903.59
MinimumVisualStudioVersion = 10.0.40219.1
Project("{FAE04EC0-301F-11D3-BF4B-00C04F79EFBC}") = "if_else", "01_if_else\if_else.csproj", "{C972AEA7-CB23-4DAF-B1FD-E005A4063E69}"
EndProject
Project("{FAE04EC0-301F-11D3-BF4B-00C04F79EFBC}") = "switch", "02_switch\switch.csproj", "{7E487FB8-14A3-4ADB-84AE-2E5E1B0ABAB6}"
EndProject
Project("{FAE04EC0-301F-11D3-BF4B-00C04F79EFBC}") = "mini_project_1_greet_people", "03_mini_project_1_greet_student_or_professor\mini_project_1_greet_people.csproj", "{076E2CB5-4625-49EC-8037-5F973A7FC8A1}"
EndProject
Global
	GlobalSection(SolutionConfigurationPlatforms) = preSolution
		Debug|Any CPU = Debug|Any CPU
		Release|Any CPU = Release|Any CPU
	EndGlobalSection
	GlobalSection(SolutionProperties) = preSolution
		HideSolutionNode = FALSE
	EndGlobalSection
	GlobalSection(ProjectConfigurationPlatforms) = postSolution
		{C972AEA7-CB23-4DAF-B1FD-E005A4063E69}.Debug|Any CPU.ActiveCfg = Debug|Any CPU
		{C972AEA7-CB23-4DAF-B1FD-E005A4063E69}.Debug|Any CPU.Build.0 = Debug|Any CPU
		{C972AEA7-CB23-4DAF-B1FD-E005A4063E69}.Release|Any CPU.ActiveCfg = Release|Any CPU
		{C972AEA7-CB23-4DAF-B1FD-E005A4063E69}.Release|Any CPU.Build.0 = Release|Any CPU
		{7E487FB8-14A3-4ADB-84AE-2E5E1B0ABAB6}.Debug|Any CPU.ActiveCfg = Debug|Any CPU
		{7E487FB8-14A3-4ADB-84AE-2E5E1B0ABAB6}.Debug|Any CPU.Build.0 = Debug|Any CPU
		{7E487FB8-14A3-4ADB-84AE-2E5E1B0ABAB6}.Release|Any CPU.ActiveCfg = Release|Any CPU
		{7E487FB8-14A3-4ADB-84AE-2E5E1B0ABAB6}.Release|Any CPU.Build.0 = Release|Any CPU
		{076E2CB5-4625-49EC-8037-5F973A7FC8A1}.Debug|Any CPU.ActiveCfg = Debug|Any CPU
		{076E2CB5-4625-49EC-8037-5F973A7FC8A1}.Debug|Any CPU.Build.0 = Debug|Any CPU
		{076E2CB5-4625-49EC-8037-5F973A7FC8A1}.Release|Any CPU.ActiveCfg = Release|Any CPU
		{076E2CB5-4625-49EC-8037-5F973A7FC8A1}.Release|Any CPU.Build.0 = Release|Any CPU
	EndGlobalSection
EndGlobal
